Microsoft Visual Studio Solution File, Format Version 11.00
# Visual Studio 2008

Project("{A754FDFB-731A-9E2A-BDB1-FC5BFFE33703}") = "GD205 Week 4 Homework", "Assembly-CSharp.csproj", "{782918B8-4FCD-1A24-EC1D-DC07B0D5FA20}"
EndProject
Global
	GlobalSection(SolutionConfigurationPlatforms) = preSolution
		Debug|Any CPU = Debug|Any CPU
		Release|Any CPU = Release|Any CPU
	EndGlobalSection
	GlobalSection(ProjectConfigurationPlatforms) = postSolution
		{782918B8-4FCD-1A24-EC1D-DC07B0D5FA20}.Debug|Any CPU.ActiveCfg = Debug|Any CPU
		{782918B8-4FCD-1A24-EC1D-DC07B0D5FA20}.Debug|Any CPU.Build.0 = Debug|Any CPU
		{782918B8-4FCD-1A24-EC1D-DC07B0D5FA20}.Release|Any CPU.ActiveCfg = Release|Any CPU
		{782918B8-4FCD-1A24-EC1D-DC07B0D5FA20}.Release|Any CPU.Build.0 = Release|Any CPU
	EndGlobalSection
	GlobalSection(SolutionProperties) = preSolution
		HideSolutionNode = FALSE
	EndGlobalSection
	GlobalSection(MonoDevelopProperties) = preSolution
		StartupItem = Assembly-CSharp.csproj
	EndGlobalSection
EndGlobal
